// !$*UTF8*$!
{
	archiveVersion = 1;
	classes = {
	};
	objectVersion = 50;
	objects = {

/* Begin PBXBuildFile section */
		BA7BD0CF21290FB800CD6D3E /* AppDelegate.swift in Sources */ = {isa = PBXBuildFile; fileRef = BA7BD0CE21290FB800CD6D3E /* AppDelegate.swift */; };
		BA7BD0D121290FB800CD6D3E /* ViewController.swift in Sources */ = {isa = PBXBuildFile; fileRef = BA7BD0D021290FB800CD6D3E /* ViewController.swift */; };
		BA7BD0D421290FB800CD6D3E /* Main.storyboard in Resources */ = {isa = PBXBuildFile; fileRef = BA7BD0D221290FB800CD6D3E /* Main.storyboard */; };
		BA7BD0D621290FBD00CD6D3E /* Assets.xcassets in Resources */ = {isa = PBXBuildFile; fileRef = BA7BD0D521290FBD00CD6D3E /* Assets.xcassets */; };
		BA7BD0D921290FBD00CD6D3E /* LaunchScreen.storyboard in Resources */ = {isa = PBXBuildFile; fileRef = BA7BD0D721290FBD00CD6D3E /* LaunchScreen.storyboard */; };
		BA7BD0E421290FBD00CD6D3E /* test1Tests.swift in Sources */ = {isa = PBXBuildFile; fileRef = BA7BD0E321290FBD00CD6D3E /* test1Tests.swift */; };
		BA7BD0EF21290FBD00CD6D3E /* test1UITests.swift in Sources */ = {isa = PBXBuildFile; fileRef = BA7BD0EE21290FBD00CD6D3E /* test1UITests.swift */; };
/* End PBXBuildFile section */

/* Begin PBXContainerItemProxy section */
		BA7BD0E021290FBD00CD6D3E /* PBXContainerItemProxy */ = {
			isa = PBXContainerItemProxy;
			containerPortal = BA7BD0C321290FB800CD6D3E /* Project object */;
			proxyType = 1;
			remoteGlobalIDString = BA7BD0CA21290FB800CD6D3E;
			remoteInfo = test1;
		};
		BA7BD0EB21290FBD00CD6D3E /* PBXContainerItemProxy */ = {
			isa = PBXContainerItemProxy;
			containerPortal = BA7BD0C321290FB800CD6D3E /* Project object */;
			proxyType = 1;
			remoteGlobalIDString = BA7BD0CA21290FB800CD6D3E;
			remoteInfo = test1;
		};
/* End PBXContainerItemProxy section */

/* Begin PBXFileReference section */
		BA7BD0CB21290FB800CD6D3E /* test1.app */ = {isa = PBXFileReference; explicitFileType = wrapper.application; includeInIndex = 0; path = test1.app; sourceTree = BUILT_PRODUCTS_DIR; };
		BA7BD0CE21290FB800CD6D3E /* AppDelegate.swift */ = {isa = PBXFileReference; lastKnownFileType = sourcecode.swift; path = AppDelegate.swift; sourceTree = "<group>"; };
		BA7BD0D021290FB800CD6D3E /* ViewController.swift */ = {isa = PBXFileReference; lastKnownFileType = sourcecode.swift; path = ViewController.swift; sourceTree = "<group>"; };
		BA7BD0D321290FB800CD6D3E /* Base */ = {isa = PBXFileReference; lastKnownFileType = file.storyboard; name = Base; path = Base.lproj/Main.storyboard; sourceTree = "<group>"; };
		BA7BD0D521290FBD00CD6D3E /* Assets.xcassets */ = {isa = PBXFileReference; lastKnownFileType = folder.assetcatalog; path = Assets.xcassets; sourceTree = "<group>"; };
		BA7BD0D821290FBD00CD6D3E /* Base */ = {isa = PBXFileReference; lastKnownFileType = file.storyboard; name = Base; path = Base.lproj/LaunchScreen.storyboard; sourceTree = "<group>"; };
		BA7BD0DA21290FBD00CD6D3E /* Info.plist */ = {isa = PBXFileReference; lastKnownFileType = text.plist.xml; path = Info.plist; sourceTree = "<group>"; };
		BA7BD0DF21290FBD00CD6D3E /* test1Tests.xctest */ = {isa = PBXFileReference; explicitFileType = wrapper.cfbundle; includeInIndex = 0; path = test1Tests.xctest; sourceTree = BUILT_PRODUCTS_DIR; };
		BA7BD0E321290FBD00CD6D3E /* test1Tests.swift */ = {isa = PBXFileReference; lastKnownFileType = sourcecode.swift; path = test1Tests.swift; sourceTree = "<group>"; };
		BA7BD0E521290FBD00CD6D3E /* Info.plist */ = {isa = PBXFileReference; lastKnownFileType = text.plist.xml; path = Info.plist; sourceTree = "<group>"; };
		BA7BD0EA21290FBD00CD6D3E /* test1UITests.xctest */ = {isa = PBXFileReference; explicitFileType = wrapper.cfbundle; includeInIndex = 0; path = test1UITests.xctest; sourceTree = BUILT_PRODUCTS_DIR; };
		BA7BD0EE21290FBD00CD6D3E /* test1UITests.swift */ = {isa = PBXFileReference; lastKnownFileType = sourcecode.swift; path = test1UITests.swift; sourceTree = "<group>"; };
		BA7BD0F021290FBD00CD6D3E /* Info.plist */ = {isa = PBXFileReference; lastKnownFileType = text.plist.xml; path = Info.plist; sourceTree = "<group>"; };
/* End PBXFileReference section */

/* Begin PBXFrameworksBuildPhase section */
		BA7BD0C821290FB800CD6D3E /* Frameworks */ = {
			isa = PBXFrameworksBuildPhase;
			buildActionMask = 2147483647;
			files = (
			);
			runOnlyForDeploymentPostprocessing = 0;
		};
		BA7BD0DC21290FBD00CD6D3E /* Frameworks */ = {
			isa = PBXFrameworksBuildPhase;
			buildActionMask = 2147483647;
			files = (
			);
			runOnlyForDeploymentPostprocessing = 0;
		};
		BA7BD0E721290FBD00CD6D3E /* Frameworks */ = {
			isa = PBXFrameworksBuildPhase;
			buildActionMask = 2147483647;
			files = (
			);
			runOnlyForDeploymentPostprocessing = 0;
		};
/* End PBXFrameworksBuildPhase section */

/* Begin PBXGroup section */
		BA7BD0C221290FB800CD6D3E = {
			isa = PBXGroup;
			children = (
				BA7BD0CD21290FB800CD6D3E /* test1 */,
				BA7BD0E221290FBD00CD6D3E /* test1Tests */,
				BA7BD0ED21290FBD00CD6D3E /* test1UITests */,
				BA7BD0CC21290FB800CD6D3E /* Products */,
			);
			sourceTree = "<group>";
		};
		BA7BD0CC21290FB800CD6D3E /* Products */ = {
			isa = PBXGroup;
			children = (
				BA7BD0CB21290FB800CD6D3E /* test1.app */,
				BA7BD0DF21290FBD00CD6D3E /* test1Tests.xctest */,
				BA7BD0EA21290FBD00CD6D3E /* test1UITests.xctest */,
			);
			name = Products;
			sourceTree = "<group>";
		};
		BA7BD0CD21290FB800CD6D3E /* test1 */ = {
			isa = PBXGroup;
			children = (
				BA7BD0CE21290FB800CD6D3E /* AppDelegate.swift */,
				BA7BD0D021290FB800CD6D3E /* ViewController.swift */,
				BA7BD0D221290FB800CD6D3E /* Main.storyboard */,
				BA7BD0D521290FBD00CD6D3E /* Assets.xcassets */,
				BA7BD0D721290FBD00CD6D3E /* LaunchScreen.storyboard */,
				BA7BD0DA21290FBD00CD6D3E /* Info.plist */,
			);
			path = test1;
			sourceTree = "<group>";
		};
		BA7BD0E221290FBD00CD6D3E /* test1Tests */ = {
			isa = PBXGroup;
			children = (
				BA7BD0E321290FBD00CD6D3E /* test1Tests.swift */,
				BA7BD0E521290FBD00CD6D3E /* Info.plist */,
			);
			path = test1Tests;
			sourceTree = "<group>";
		};
		BA7BD0ED21290FBD00CD6D3E /* test1UITests */ = {
			isa = PBXGroup;
			children = (
				BA7BD0EE21290FBD00CD6D3E /* test1UITests.swift */,
				BA7BD0F021290FBD00CD6D3E /* Info.plist */,
			);
			path = test1UITests;
			sourceTree = "<group>";
		};
/* End PBXGroup section */

/* Begin PBXNativeTarget section */
		BA7BD0CA21290FB800CD6D3E /* test1 */ = {
			isa = PBXNativeTarget;
			buildConfigurationList = BA7BD0F321290FBD00CD6D3E /* Build configuration list for PBXNativeTarget "test1" */;
			buildPhases = (
				BA7BD0C721290FB800CD6D3E /* Sources */,
				BA7BD0C821290FB800CD6D3E /* Frameworks */,
				BA7BD0C921290FB800CD6D3E /* Resources */,
			);
			buildRules = (
			);
			dependencies = (
			);
			name = test1;
			productName = test1;
			productReference = BA7BD0CB21290FB800CD6D3E /* test1.app */;
			productType = "com.apple.product-type.application";
		};
		BA7BD0DE21290FBD00CD6D3E /* test1Tests */ = {
			isa = PBXNativeTarget;
			buildConfigurationList = BA7BD0F621290FBD00CD6D3E /* Build configuration list for PBXNativeTarget "test1Tests" */;
			buildPhases = (
				BA7BD0DB21290FBD00CD6D3E /* Sources */,
				BA7BD0DC21290FBD00CD6D3E /* Frameworks */,
				BA7BD0DD21290FBD00CD6D3E /* Resources */,
			);
			buildRules = (
			);
			dependencies = (
				BA7BD0E121290FBD00CD6D3E /* PBXTargetDependency */,
			);
			name = test1Tests;
			productName = test1Tests;
			productReference = BA7BD0DF21290FBD00CD6D3E /* test1Tests.xctest */;
			productType = "com.apple.product-type.bundle.unit-test";
		};
		BA7BD0E921290FBD00CD6D3E /* test1UITests */ = {
			isa = PBXNativeTarget;
			buildConfigurationList = BA7BD0F921290FBD00CD6D3E /* Build configuration list for PBXNativeTarget "test1UITests" */;
			buildPhases = (
				BA7BD0E621290FBD00CD6D3E /* Sources */,
				BA7BD0E721290FBD00CD6D3E /* Frameworks */,
				BA7BD0E821290FBD00CD6D3E /* Resources */,
			);
			buildRules = (
			);
			dependencies = (
				BA7BD0EC21290FBD00CD6D3E /* PBXTargetDependency */,
			);
			name = test1UITests;
			productName = test1UITests;
			productReference = BA7BD0EA21290FBD00CD6D3E /* test1UITests.xctest */;
			productType = "com.apple.product-type.bundle.ui-testing";
		};
/* End PBXNativeTarget section */

/* Begin PBXProject section */
		BA7BD0C321290FB800CD6D3E /* Project object */ = {
			isa = PBXProject;
			attributes = {
				LastSwiftUpdateCheck = 0940;
				LastUpgradeCheck = 0940;
				ORGANIZATIONNAME = "久米 健司";
				TargetAttributes = {
					BA7BD0CA21290FB800CD6D3E = {
						CreatedOnToolsVersion = 9.4.1;
					};
					BA7BD0DE21290FBD00CD6D3E = {
						CreatedOnToolsVersion = 9.4.1;
						TestTargetID = BA7BD0CA21290FB800CD6D3E;
					};
					BA7BD0E921290FBD00CD6D3E = {
						CreatedOnToolsVersion = 9.4.1;
						TestTargetID = BA7BD0CA21290FB800CD6D3E;
					};
				};
			};
			buildConfigurationList = BA7BD0C621290FB800CD6D3E /* Build configuration list for PBXProject "test1" */;
			compatibilityVersion = "Xcode 9.3";
			developmentRegion = en;
			hasScannedForEncodings = 0;
			knownRegions = (
				en,
				Base,
			);
			mainGroup = BA7BD0C221290FB800CD6D3E;
			productRefGroup = BA7BD0CC21290FB800CD6D3E /* Products */;
			projectDirPath = "";
			projectRoot = "";
			targets = (
				BA7BD0CA21290FB800CD6D3E /* test1 */,
				BA7BD0DE21290FBD00CD6D3E /* test1Tests */,
				BA7BD0E921290FBD00CD6D3E /* test1UITests */,
			);
		};
/* End PBXProject section */

/* Begin PBXResourcesBuildPhase section */
		BA7BD0C921290FB800CD6D3E /* Resources */ = {
			isa = PBXResourcesBuildPhase;
			buildActionMask = 2147483647;
			files = (
				BA7BD0D921290FBD00CD6D3E /* LaunchScreen.storyboard in Resources */,
				BA7BD0D621290FBD00CD6D3E /* Assets.xcassets in Resources */,
				BA7BD0D421290FB800CD6D3E /* Main.storyboard in Resources */,
			);
			runOnlyForDeploymentPostprocessing = 0;
		};
		BA7BD0DD21290FBD00CD6D3E /* Resources */ = {
			isa = PBXResourcesBuildPhase;
			buildActionMask = 2147483647;
			files = (
			);
			runOnlyForDeploymentPostprocessing = 0;
		};
		BA7BD0E821290FBD00CD6D3E /* Resources */ = {
			isa = PBXResourcesBuildPhase;
			buildActionMask = 2147483647;
			files = (
			);
			runOnlyForDeploymentPostprocessing = 0;
		};
/* End PBXResourcesBuildPhase section */

/* Begin PBXSourcesBuildPhase section */
		BA7BD0C721290FB800CD6D3E /* Sources */ = {
			isa = PBXSourcesBuildPhase;
			buildActionMask = 2147483647;
			files = (
				BA7BD0D121290FB800CD6D3E /* ViewController.swift in Sources */,
				BA7BD0CF21290FB800CD6D3E /* AppDelegate.swift in Sources */,
			);
			runOnlyForDeploymentPostprocessing = 0;
		};
		BA7BD0DB21290FBD00CD6D3E /* Sources */ = {
			isa = PBXSourcesBuildPhase;
			buildActionMask = 2147483647;
			files = (
				BA7BD0E421290FBD00CD6D3E /* test1Tests.swift in Sources */,
			);
			runOnlyForDeploymentPostprocessing = 0;
		};
		BA7BD0E621290FBD00CD6D3E /* Sources */ = {
			isa = PBXSourcesBuildPhase;
			buildActionMask = 2147483647;
			files = (
				BA7BD0EF21290FBD00CD6D3E /* test1UITests.swift in Sources */,
			);
			runOnlyForDeploymentPostprocessing = 0;
		};
/* End PBXSourcesBuildPhase section */

/* Begin PBXTargetDependency section */
		BA7BD0E121290FBD00CD6D3E /* PBXTargetDependency */ = {
			isa = PBXTargetDependency;
			target = BA7BD0CA21290FB800CD6D3E /* test1 */;
			targetProxy = BA7BD0E021290FBD00CD6D3E /* PBXContainerItemProxy */;
		};
		BA7BD0EC21290FBD00CD6D3E /* PBXTargetDependency */ = {
			isa = PBXTargetDependency;
			target = BA7BD0CA21290FB800CD6D3E /* test1 */;
			targetProxy = BA7BD0EB21290FBD00CD6D3E /* PBXContainerItemProxy */;
		};
/* End PBXTargetDependency section */

/* Begin PBXVariantGroup section */
		BA7BD0D221290FB800CD6D3E /* Main.storyboard */ = {
			isa = PBXVariantGroup;
			children = (
				BA7BD0D321290FB800CD6D3E /* Base */,
			);
			name = Main.storyboard;
			sourceTree = "<group>";
		};
		BA7BD0D721290FBD00CD6D3E /* LaunchScreen.storyboard */ = {
			isa = PBXVariantGroup;
			children = (
				BA7BD0D821290FBD00CD6D3E /* Base */,
			);
			name = LaunchScreen.storyboard;
			sourceTree = "<group>";
		};
/* End PBXVariantGroup section */

/* Begin XCBuildConfiguration section */
		BA7BD0F121290FBD00CD6D3E /* Debug */ = {
			isa = XCBuildConfiguration;
			buildSettings = {
				ALWAYS_SEARCH_USER_PATHS = NO;
				CLANG_ANALYZER_NONNULL = YES;
				CLANG_ANALYZER_NUMBER_OBJECT_CONVERSION = YES_AGGRESSIVE;
				CLANG_CXX_LANGUAGE_STANDARD = "gnu++14";
				CLANG_CXX_LIBRARY = "libc++";
				CLANG_ENABLE_MODULES = YES;
				CLANG_ENABLE_OBJC_ARC = YES;
				CLANG_ENABLE_OBJC_WEAK = YES;
				CLANG_WARN_BLOCK_CAPTURE_AUTORELEASING = YES;
				CLANG_WARN_BOOL_CONVERSION = YES;
				CLANG_WARN_COMMA = YES;
				CLANG_WARN_CONSTANT_CONVERSION = YES;
				CLANG_WARN_DEPRECATED_OBJC_IMPLEMENTATIONS = YES;
				CLANG_WARN_DIRECT_OBJC_ISA_USAGE = YES_ERROR;
				CLANG_WARN_DOCUMENTATION_COMMENTS = YES;
				CLANG_WARN_EMPTY_BODY = YES;
				CLANG_WARN_ENUM_CONVERSION = YES;
				CLANG_WARN_INFINITE_RECURSION = YES;
				CLANG_WARN_INT_CONVERSION = YES;
				CLANG_WARN_NON_LITERAL_NULL_CONVERSION = YES;
				CLANG_WARN_OBJC_IMPLICIT_RETAIN_SELF = YES;
				CLANG_WARN_OBJC_LITERAL_CONVERSION = YES;
				CLANG_WARN_OBJC_ROOT_CLASS = YES_ERROR;
				CLANG_WARN_RANGE_LOOP_ANALYSIS = YES;
				CLANG_WARN_STRICT_PROTOTYPES = YES;
				CLANG_WARN_SUSPICIOUS_MOVE = YES;
				CLANG_WARN_UNGUARDED_AVAILABILITY = YES_AGGRESSIVE;
				CLANG_WARN_UNREACHABLE_CODE = YES;
				CLANG_WARN__DUPLICATE_METHOD_MATCH = YES;
				CODE_SIGN_IDENTITY = "iPhone Developer";
				COPY_PHASE_STRIP = NO;
				DEBUG_INFORMATION_FORMAT = dwarf;
				ENABLE_STRICT_OBJC_MSGSEND = YES;
				ENABLE_TESTABILITY = YES;
				GCC_C_LANGUAGE_STANDARD = gnu11;
				GCC_DYNAMIC_NO_PIC = NO;
				GCC_NO_COMMON_BLOCKS = YES;
				GCC_OPTIMIZATION_LEVEL = 0;
				GCC_PREPROCESSOR_DEFINITIONS = (
					"DEBUG=1",
					"$(inherited)",
				);
				GCC_WARN_64_TO_32_BIT_CONVERSION = YES;
				GCC_WARN_ABOUT_RETURN_TYPE = YES_ERROR;
				GCC_WARN_UNDECLARED_SELECTOR = YES;
				GCC_WARN_UNINITIALIZED_AUTOS = YES_AGGRESSIVE;
				GCC_WARN_UNUSED_FUNCTION = YES;
				GCC_WARN_UNUSED_VARIABLE = YES;
				IPHONEOS_DEPLOYMENT_TARGET = 11.4;
				MTL_ENABLE_DEBUG_INFO = YES;
				ONLY_ACTIVE_ARCH = YES;
				SDKROOT = iphoneos;
				SWIFT_ACTIVE_COMPILATION_CONDITIONS = DEBUG;
				SWIFT_OPTIMIZATION_LEVEL = "-Onone";
			};
			name = Debug;
		};
		BA7BD0F221290FBD00CD6D3E /* Release */ = {
			isa = XCBuildConfiguration;
			buildSettings = {
				ALWAYS_SEARCH_USER_PATHS = NO;
				CLANG_ANALYZER_NONNULL = YES;
				CLANG_ANALYZER_NUMBER_OBJECT_CONVERSION = YES_AGGRESSIVE;
				CLANG_CXX_LANGUAGE_STANDARD = "gnu++14";
				CLANG_CXX_LIBRARY = "libc++";
				CLANG_ENABLE_MODULES = YES;
				CLANG_ENABLE_OBJC_ARC = YES;
				CLANG_ENABLE_OBJC_WEAK = YES;
				CLANG_WARN_BLOCK_CAPTURE_AUTORELEASING = YES;
				CLANG_WARN_BOOL_CONVERSION = YES;
				CLANG_WARN_COMMA = YES;
				CLANG_WARN_CONSTANT_CONVERSION = YES;
				CLANG_WARN_DEPRECATED_OBJC_IMPLEMENTATIONS = YES;
				CLANG_WARN_DIRECT_OBJC_ISA_USAGE = YES_ERROR;
				CLANG_WARN_DOCUMENTATION_COMMENTS = YES;
				CLANG_WARN_EMPTY_BODY = YES;
				CLANG_WARN_ENUM_CONVERSION = YES;
				CLANG_WARN_INFINITE_RECURSION = YES;
				CLANG_WARN_INT_CONVERSION = YES;
				CLANG_WARN_NON_LITERAL_NULL_CONVERSION = YES;
				CLANG_WARN_OBJC_IMPLICIT_RETAIN_SELF = YES;
				CLANG_WARN_OBJC_LITERAL_CONVERSION = YES;
				CLANG_WARN_OBJC_ROOT_CLASS = YES_ERROR;
				CLANG_WARN_RANGE_LOOP_ANALYSIS = YES;
				CLANG_WARN_STRICT_PROTOTYPES = YES;
				CLANG_WARN_SUSPICIOUS_MOVE = YES;
				CLANG_WARN_UNGUARDED_AVAILABILITY = YES_AGGRESSIVE;
				CLANG_WARN_UNREACHABLE_CODE = YES;
				CLANG_WARN__DUPLICATE_METHOD_MATCH = YES;
				CODE_SIGN_IDENTITY = "iPhone Developer";
				COPY_PHASE_STRIP = NO;
				DEBUG_INFORMATION_FORMAT = "dwarf-with-dsym";
				ENABLE_NS_ASSERTIONS = NO;
				ENABLE_STRICT_OBJC_MSGSEND = YES;
				GCC_C_LANGUAGE_STANDARD = gnu11;
				GCC_NO_COMMON_BLOCKS = YES;
				GCC_WARN_64_TO_32_BIT_CONVERSION = YES;
				GCC_WARN_ABOUT_RETURN_TYPE = YES_ERROR;
				GCC_WARN_UNDECLARED_SELECTOR = YES;
				GCC_WARN_UNINITIALIZED_AUTOS = YES_AGGRESSIVE;
				GCC_WARN_UNUSED_FUNCTION = YES;
				GCC_WARN_UNUSED_VARIABLE = YES;
				IPHONEOS_DEPLOYMENT_TARGET = 11.4;
				MTL_ENABLE_DEBUG_INFO = NO;
				SDKROOT = iphoneos;
				SWIFT_COMPILATION_MODE = wholemodule;
				SWIFT_OPTIMIZATION_LEVEL = "-O";
				VALIDATE_PRODUCT = YES;
			};
			name = Release;
		};
		BA7BD0F421290FBD00CD6D3E /* Debug */ = {
			isa = XCBuildConfiguration;
			buildSettings = {
				ASSETCATALOG_COMPILER_APPICON_NAME = AppIcon;
				CODE_SIGN_STYLE = Automatic;
				INFOPLIST_FILE = test1/Info.plist;
				LD_RUNPATH_SEARCH_PATHS = (
					"$(inherited)",
					"@executable_path/Frameworks",
				);
				PRODUCT_BUNDLE_IDENTIFIER = xxx.test1;
				PRODUCT_NAME = "$(TARGET_NAME)";
				SWIFT_VERSION = 4.0;
				TARGETED_DEVICE_FAMILY = "1,2";
			};
			name = Debug;
		};
		BA7BD0F521290FBD00CD6D3E /* Release */ = {
			isa = XCBuildConfiguration;
			buildSettings = {
				ASSETCATALOG_COMPILER_APPICON_NAME = AppIcon;
				CODE_SIGN_STYLE = Automatic;
				INFOPLIST_FILE = test1/Info.plist;
				LD_RUNPATH_SEARCH_PATHS = (
					"$(inherited)",
					"@executable_path/Frameworks",
				);
				PRODUCT_BUNDLE_IDENTIFIER = xxx.test1;
				PRODUCT_NAME = "$(TARGET_NAME)";
				SWIFT_VERSION = 4.0;
				TARGETED_DEVICE_FAMILY = "1,2";
			};
			name = Release;
		};
		BA7BD0F721290FBD00CD6D3E /* Debug */ = {
			isa = XCBuildConfiguration;
			buildSettings = {
				ALWAYS_EMBED_SWIFT_STANDARD_LIBRARIES = YES;
				BUNDLE_LOADER = "$(TEST_HOST)";
				CODE_SIGN_STYLE = Automatic;
				INFOPLIST_FILE = test1Tests/Info.plist;
				LD_RUNPATH_SEARCH_PATHS = (
					"$(inherited)",
					"@executable_path/Frameworks",
					"@loader_path/Frameworks",
				);
				PRODUCT_BUNDLE_IDENTIFIER = xxx.test1Tests;
				PRODUCT_NAME = "$(TARGET_NAME)";
				SWIFT_VERSION = 4.0;
				TARGETED_DEVICE_FAMILY = "1,2";
				TEST_HOST = "$(BUILT_PRODUCTS_DIR)/test1.app/test1";
			};
			name = Debug;
		};
		BA7BD0F821290FBD00CD6D3E /* Release */ = {
			isa = XCBuildConfiguration;
			buildSettings = {
				ALWAYS_EMBED_SWIFT_STANDARD_LIBRARIES = YES;
				BUNDLE_LOADER = "$(TEST_HOST)";
				CODE_SIGN_STYLE = Automatic;
				INFOPLIST_FILE = test1Tests/Info.plist;
				LD_RUNPATH_SEARCH_PATHS = (
					"$(inherited)",
					"@executable_path/Frameworks",
					"@loader_path/Frameworks",
				);
				PRODUCT_BUNDLE_IDENTIFIER = xxx.test1Tests;
				PRODUCT_NAME = "$(TARGET_NAME)";
				SWIFT_VERSION = 4.0;
				TARGETED_DEVICE_FAMILY = "1,2";
				TEST_HOST = "$(BUILT_PRODUCTS_DIR)/test1.app/test1";
			};
			name = Release;
		};
		BA7BD0FA21290FBD00CD6D3E /* Debug */ = {
			isa = XCBuildConfiguration;
			buildSettings = {
				ALWAYS_EMBED_SWIFT_STANDARD_LIBRARIES = YES;
				CODE_SIGN_STYLE = Automatic;
				INFOPLIST_FILE = test1UITests/Info.plist;
				LD_RUNPATH_SEARCH_PATHS = (
					"$(inherited)",
					"@executable_path/Frameworks",
					"@loader_path/Frameworks",
				);
				PRODUCT_BUNDLE_IDENTIFIER = xxx.test1UITests;
				PRODUCT_NAME = "$(TARGET_NAME)";
				SWIFT_VERSION = 4.0;
				TARGETED_DEVICE_FAMILY = "1,2";
				TEST_TARGET_NAME = test1;
			};
			name = Debug;
		};
		BA7BD0FB21290FBD00CD6D3E /* Release */ = {
			isa = XCBuildConfiguration;
			buildSettings = {
				ALWAYS_EMBED_SWIFT_STANDARD_LIBRARIES = YES;
				CODE_SIGN_STYLE = Automatic;
				INFOPLIST_FILE = test1UITests/Info.plist;
				LD_RUNPATH_SEARCH_PATHS = (
					"$(inherited)",
					"@executable_path/Frameworks",
					"@loader_path/Frameworks",
				);
				PRODUCT_BUNDLE_IDENTIFIER = xxx.test1UITests;
				PRODUCT_NAME = "$(TARGET_NAME)";
				SWIFT_VERSION = 4.0;
				TARGETED_DEVICE_FAMILY = "1,2";
				TEST_TARGET_NAME = test1;
			};
			name = Release;
		};
/* End XCBuildConfiguration section */

/* Begin XCConfigurationList section */
		BA7BD0C621290FB800CD6D3E /* Build configuration list for PBXProject "test1" */ = {
			isa = XCConfigurationList;
			buildConfigurations = (
				BA7BD0F121290FBD00CD6D3E /* Debug */,
				BA7BD0F221290FBD00CD6D3E /* Release */,
			);
			defaultConfigurationIsVisible = 0;
			defaultConfigurationName = Release;
		};
		BA7BD0F321290FBD00CD6D3E /* Build configuration list for PBXNativeTarget "test1" */ = {
			isa = XCConfigurationList;
			buildConfigurations = (
				BA7BD0F421290FBD00CD6D3E /* Debug */,
				BA7BD0F521290FBD00CD6D3E /* Release */,
			);
			defaultConfigurationIsVisible = 0;
			defaultConfigurationName = Release;
		};
		BA7BD0F621290FBD00CD6D3E /* Build configuration list for PBXNativeTarget "test1Tests" */ = {
			isa = XCConfigurationList;
			buildConfigurations = (
				BA7BD0F721290FBD00CD6D3E /* Debug */,
				BA7BD0F821290FBD00CD6D3E /* Release */,
			);
			defaultConfigurationIsVisible = 0;
			defaultConfigurationName = Release;
		};
		BA7BD0F921290FBD00CD6D3E /* Build configuration list for PBXNativeTarget "test1UITests" */ = {
			isa = XCConfigurationList;
			buildConfigurations = (
				BA7BD0FA21290FBD00CD6D3E /* Debug */,
				BA7BD0FB21290FBD00CD6D3E /* Release */,
			);
			defaultConfigurationIsVisible = 0;
			defaultConfigurationName = Release;
		};
/* End XCConfigurationList section */
	};
	rootObject = BA7BD0C321290FB800CD6D3E /* Project object */;
}
